
Microsoft Visual Studio Solution File, Format Version 12.00
# Visual Studio Version 16
VisualStudioVersion = 16.0.29613.14
MinimumVisualStudioVersion = 10.0.40219.1
Project("{FAE04EC0-301F-11D3-BF4B-00C04F79EFBC}") = "QLNV", "QLNV\QLNV.csproj", "{D8B9200D-DB07-41A8-8384-9ADB672A1EDA}"
EndProject
Global
	GlobalSection(SolutionConfigurationPlatforms) = preSolution
		Debug|Any CPU = Debug|Any CPU
		Release|Any CPU = Release|Any CPU
	EndGlobalSection
	GlobalSection(ProjectConfigurationPlatforms) = postSolution
		{D8B9200D-DB07-41A8-8384-9ADB672A1EDA}.Debug|Any CPU.ActiveCfg = Debug|Any CPU
		{D8B9200D-DB07-41A8-8384-9ADB672A1EDA}.Debug|Any CPU.Build.0 = Debug|Any CPU
		{D8B9200D-DB07-41A8-8384-9ADB672A1EDA}.Release|Any CPU.ActiveCfg = Release|Any CPU
		{D8B9200D-DB07-41A8-8384-9ADB672A1EDA}.Release|Any CPU.Build.0 = Release|Any CPU
	EndGlobalSection
	GlobalSection(SolutionProperties) = preSolution
		HideSolutionNode = FALSE
	EndGlobalSection
	GlobalSection(ExtensibilityGlobals) = postSolution
		SolutionGuid = {BE38AA76-7AFC-4F81-A96C-CB11B1369154}
	EndGlobalSection
EndGlobal
